// !$*UTF8*$!
{
	archiveVersion = 1;
	classes = {
	};
	objectVersion = 50;
	objects = {

/* Begin PBXBuildFile section */
		89218139249B381B0007C93F /* UICollectionView+DSHCustomLayout.m in Sources */ = {isa = PBXBuildFile; fileRef = 89218138249B381B0007C93F /* UICollectionView+DSHCustomLayout.m */; };
		8921813F249B72210007C93F /* DSHCollectionViewWaterfallFlowLayout.m in Sources */ = {isa = PBXBuildFile; fileRef = 8921813E249B72210007C93F /* DSHCollectionViewWaterfallFlowLayout.m */; };
		89218142249C4FB00007C93F /* PagingLayoutController.m in Sources */ = {isa = PBXBuildFile; fileRef = 89218141249C4FB00007C93F /* PagingLayoutController.m */; };
		89218145249C540C0007C93F /* WaterfallFlowLayoutController.m in Sources */ = {isa = PBXBuildFile; fileRef = 89218144249C540C0007C93F /* WaterfallFlowLayoutController.m */; };
		89218148249C87380007C93F /* DSHCollectionViewCardStackLayout.m in Sources */ = {isa = PBXBuildFile; fileRef = 89218147249C87380007C93F /* DSHCollectionViewCardStackLayout.m */; };
		8921814B249C88830007C93F /* CardStackLayoutController.m in Sources */ = {isa = PBXBuildFile; fileRef = 8921814A249C88830007C93F /* CardStackLayoutController.m */; };
		89AD85F524A2F6C600F25325 /* DemoUtils.m in Sources */ = {isa = PBXBuildFile; fileRef = 89AD85F424A2F6C600F25325 /* DemoUtils.m */; };
		89CC16ED2238DB47008450C2 /* AppDelegate.m in Sources */ = {isa = PBXBuildFile; fileRef = 89CC16EC2238DB47008450C2 /* AppDelegate.m */; };
		89CC16F02238DB47008450C2 /* ViewController.m in Sources */ = {isa = PBXBuildFile; fileRef = 89CC16EF2238DB47008450C2 /* ViewController.m */; };
		89CC16F52238DB48008450C2 /* Assets.xcassets in Resources */ = {isa = PBXBuildFile; fileRef = 89CC16F42238DB48008450C2 /* Assets.xcassets */; };
		89CC16F82238DB48008450C2 /* LaunchScreen.storyboard in Resources */ = {isa = PBXBuildFile; fileRef = 89CC16F62238DB48008450C2 /* LaunchScreen.storyboard */; };
		89CC16FB2238DB48008450C2 /* main.m in Sources */ = {isa = PBXBuildFile; fileRef = 89CC16FA2238DB48008450C2 /* main.m */; };
		89CC17052238DB48008450C2 /* CollectionViewCustomLayoutTests.m in Sources */ = {isa = PBXBuildFile; fileRef = 89CC17042238DB48008450C2 /* CollectionViewCustomLayoutTests.m */; };
		89CC17102238DB48008450C2 /* CollectionViewCustomLayoutUITests.m in Sources */ = {isa = PBXBuildFile; fileRef = 89CC170F2238DB48008450C2 /* CollectionViewCustomLayoutUITests.m */; };
		89CC17202238DBA7008450C2 /* DSHCollectionViewPagingLayout.m in Sources */ = {isa = PBXBuildFile; fileRef = 89CC171E2238DBA7008450C2 /* DSHCollectionViewPagingLayout.m */; };
/* End PBXBuildFile section */

/* Begin PBXContainerItemProxy section */
		89CC17012238DB48008450C2 /* PBXContainerItemProxy */ = {
			isa = PBXContainerItemProxy;
			containerPortal = 89CC16E02238DB47008450C2 /* Project object */;
			proxyType = 1;
			remoteGlobalIDString = 89CC16E72238DB47008450C2;
			remoteInfo = CollectionViewCustomLayout;
		};
		89CC170C2238DB48008450C2 /* PBXContainerItemProxy */ = {
			isa = PBXContainerItemProxy;
			containerPortal = 89CC16E02238DB47008450C2 /* Project object */;
			proxyType = 1;
			remoteGlobalIDString = 89CC16E72238DB47008450C2;
			remoteInfo = CollectionViewCustomLayout;
		};
/* End PBXContainerItemProxy section */

/* Begin PBXFileReference section */
		89218137249B381B0007C93F /* UICollectionView+DSHCustomLayout.h */ = {isa = PBXFileReference; lastKnownFileType = sourcecode.c.h; path = "UICollectionView+DSHCustomLayout.h"; sourceTree = "<group>"; };
		89218138249B381B0007C93F /* UICollectionView+DSHCustomLayout.m */ = {isa = PBXFileReference; lastKnownFileType = sourcecode.c.objc; path = "UICollectionView+DSHCustomLayout.m"; sourceTree = "<group>"; };
		8921813A249B39860007C93F /* DSHCollectionViewLayout.h */ = {isa = PBXFileReference; lastKnownFileType = sourcecode.c.h; path = DSHCollectionViewLayout.h; sourceTree = "<group>"; };
		8921813D249B72210007C93F /* DSHCollectionViewWaterfallFlowLayout.h */ = {isa = PBXFileReference; lastKnownFileType = sourcecode.c.h; path = DSHCollectionViewWaterfallFlowLayout.h; sourceTree = "<group>"; };
		8921813E249B72210007C93F /* DSHCollectionViewWaterfallFlowLayout.m */ = {isa = PBXFileReference; lastKnownFileType = sourcecode.c.objc; path = DSHCollectionViewWaterfallFlowLayout.m; sourceTree = "<group>"; };
		89218140249C4FB00007C93F /* PagingLayoutController.h */ = {isa = PBXFileReference; lastKnownFileType = sourcecode.c.h; path = PagingLayoutController.h; sourceTree = "<group>"; };
		89218141249C4FB00007C93F /* PagingLayoutController.m */ = {isa = PBXFileReference; lastKnownFileType = sourcecode.c.objc; path = PagingLayoutController.m; sourceTree = "<group>"; };
		89218143249C540C0007C93F /* WaterfallFlowLayoutController.h */ = {isa = PBXFileReference; lastKnownFileType = sourcecode.c.h; path = WaterfallFlowLayoutController.h; sourceTree = "<group>"; };
		89218144249C540C0007C93F /* WaterfallFlowLayoutController.m */ = {isa = PBXFileReference; lastKnownFileType = sourcecode.c.objc; path = WaterfallFlowLayoutController.m; sourceTree = "<group>"; };
		89218146249C87380007C93F /* DSHCollectionViewCardStackLayout.h */ = {isa = PBXFileReference; lastKnownFileType = sourcecode.c.h; path = DSHCollectionViewCardStackLayout.h; sourceTree = "<group>"; };
		89218147249C87380007C93F /* DSHCollectionViewCardStackLayout.m */ = {isa = PBXFileReference; lastKnownFileType = sourcecode.c.objc; path = DSHCollectionViewCardStackLayout.m; sourceTree = "<group>"; };
		89218149249C88830007C93F /* CardStackLayoutController.h */ = {isa = PBXFileReference; lastKnownFileType = sourcecode.c.h; path = CardStackLayoutController.h; sourceTree = "<group>"; };
		8921814A249C88830007C93F /* CardStackLayoutController.m */ = {isa = PBXFileReference; lastKnownFileType = sourcecode.c.objc; path = CardStackLayoutController.m; sourceTree = "<group>"; };
		89AD85F324A2F6C600F25325 /* DemoUtils.h */ = {isa = PBXFileReference; lastKnownFileType = sourcecode.c.h; path = DemoUtils.h; sourceTree = "<group>"; };
		89AD85F424A2F6C600F25325 /* DemoUtils.m */ = {isa = PBXFileReference; lastKnownFileType = sourcecode.c.objc; path = DemoUtils.m; sourceTree = "<group>"; };
		89CC16E82238DB47008450C2 /* CollectionViewCustomLayout.app */ = {isa = PBXFileReference; explicitFileType = wrapper.application; includeInIndex = 0; path = CollectionViewCustomLayout.app; sourceTree = BUILT_PRODUCTS_DIR; };
		89CC16EB2238DB47008450C2 /* AppDelegate.h */ = {isa = PBXFileReference; lastKnownFileType = sourcecode.c.h; path = AppDelegate.h; sourceTree = "<group>"; };
		89CC16EC2238DB47008450C2 /* AppDelegate.m */ = {isa = PBXFileReference; lastKnownFileType = sourcecode.c.objc; path = AppDelegate.m; sourceTree = "<group>"; };
		89CC16EE2238DB47008450C2 /* ViewController.h */ = {isa = PBXFileReference; lastKnownFileType = sourcecode.c.h; path = ViewController.h; sourceTree = "<group>"; };
		89CC16EF2238DB47008450C2 /* ViewController.m */ = {isa = PBXFileReference; lastKnownFileType = sourcecode.c.objc; path = ViewController.m; sourceTree = "<group>"; };
		89CC16F42238DB48008450C2 /* Assets.xcassets */ = {isa = PBXFileReference; lastKnownFileType = folder.assetcatalog; path = Assets.xcassets; sourceTree = "<group>"; };
		89CC16F72238DB48008450C2 /* Base */ = {isa = PBXFileReference; lastKnownFileType = file.storyboard; name = Base; path = Base.lproj/LaunchScreen.storyboard; sourceTree = "<group>"; };
		89CC16F92238DB48008450C2 /* Info.plist */ = {isa = PBXFileReference; lastKnownFileType = text.plist.xml; path = Info.plist; sourceTree = "<group>"; };
		89CC16FA2238DB48008450C2 /* main.m */ = {isa = PBXFileReference; lastKnownFileType = sourcecode.c.objc; path = main.m; sourceTree = "<group>"; };
		89CC17002238DB48008450C2 /* CollectionViewCustomLayoutTests.xctest */ = {isa = PBXFileReference; explicitFileType = wrapper.cfbundle; includeInIndex = 0; path = CollectionViewCustomLayoutTests.xctest; sourceTree = BUILT_PRODUCTS_DIR; };
		89CC17042238DB48008450C2 /* CollectionViewCustomLayoutTests.m */ = {isa = PBXFileReference; lastKnownFileType = sourcecode.c.objc; path = CollectionViewCustomLayoutTests.m; sourceTree = "<group>"; };
		89CC17062238DB48008450C2 /* Info.plist */ = {isa = PBXFileReference; lastKnownFileType = text.plist.xml; path = Info.plist; sourceTree = "<group>"; };
		89CC170B2238DB48008450C2 /* CollectionViewCustomLayoutUITests.xctest */ = {isa = PBXFileReference; explicitFileType = wrapper.cfbundle; includeInIndex = 0; path = CollectionViewCustomLayoutUITests.xctest; sourceTree = BUILT_PRODUCTS_DIR; };
		89CC170F2238DB48008450C2 /* CollectionViewCustomLayoutUITests.m */ = {isa = PBXFileReference; lastKnownFileType = sourcecode.c.objc; path = CollectionViewCustomLayoutUITests.m; sourceTree = "<group>"; };
		89CC17112238DB48008450C2 /* Info.plist */ = {isa = PBXFileReference; lastKnownFileType = text.plist.xml; path = Info.plist; sourceTree = "<group>"; };
		89CC171E2238DBA7008450C2 /* DSHCollectionViewPagingLayout.m */ = {isa = PBXFileReference; fileEncoding = 4; lastKnownFileType = sourcecode.c.objc; path = DSHCollectionViewPagingLayout.m; sourceTree = "<group>"; };
		89CC171F2238DBA7008450C2 /* DSHCollectionViewPagingLayout.h */ = {isa = PBXFileReference; fileEncoding = 4; lastKnownFileType = sourcecode.c.h; path = DSHCollectionViewPagingLayout.h; sourceTree = "<group>"; };
/* End PBXFileReference section */

/* Begin PBXFrameworksBuildPhase section */
		89CC16E52238DB47008450C2 /* Frameworks */ = {
			isa = PBXFrameworksBuildPhase;
			buildActionMask = 2147483647;
			files = (
			);
			runOnlyForDeploymentPostprocessing = 0;
		};
		89CC16FD2238DB48008450C2 /* Frameworks */ = {
			isa = PBXFrameworksBuildPhase;
			buildActionMask = 2147483647;
			files = (
			);
			runOnlyForDeploymentPostprocessing = 0;
		};
		89CC17082238DB48008450C2 /* Frameworks */ = {
			isa = PBXFrameworksBuildPhase;
			buildActionMask = 2147483647;
			files = (
			);
			runOnlyForDeploymentPostprocessing = 0;
		};
/* End PBXFrameworksBuildPhase section */

/* Begin PBXGroup section */
		89CC16DF2238DB47008450C2 = {
			isa = PBXGroup;
			children = (
				89CC171D2238DBA7008450C2 /* Classes */,
				89CC17212238DEFF008450C2 /* Example */,
				89CC16EA2238DB47008450C2 /* CollectionViewCustomLayout */,
				89CC17032238DB48008450C2 /* CollectionViewCustomLayoutTests */,
				89CC170E2238DB48008450C2 /* CollectionViewCustomLayoutUITests */,
				89CC16E92238DB47008450C2 /* Products */,
			);
			sourceTree = "<group>";
		};
		89CC16E92238DB47008450C2 /* Products */ = {
			isa = PBXGroup;
			children = (
				89CC16E82238DB47008450C2 /* CollectionViewCustomLayout.app */,
				89CC17002238DB48008450C2 /* CollectionViewCustomLayoutTests.xctest */,
				89CC170B2238DB48008450C2 /* CollectionViewCustomLayoutUITests.xctest */,
			);
			name = Products;
			sourceTree = "<group>";
		};
		89CC16EA2238DB47008450C2 /* CollectionViewCustomLayout */ = {
			isa = PBXGroup;
			children = (
				89CC16EB2238DB47008450C2 /* AppDelegate.h */,
				89CC16EC2238DB47008450C2 /* AppDelegate.m */,
				89CC16EE2238DB47008450C2 /* ViewController.h */,
				89CC16EF2238DB47008450C2 /* ViewController.m */,
				89AD85F324A2F6C600F25325 /* DemoUtils.h */,
				89AD85F424A2F6C600F25325 /* DemoUtils.m */,
				89CC16F42238DB48008450C2 /* Assets.xcassets */,
				89CC16F62238DB48008450C2 /* LaunchScreen.storyboard */,
				89CC16F92238DB48008450C2 /* Info.plist */,
				89CC16FA2238DB48008450C2 /* main.m */,
			);
			path = CollectionViewCustomLayout;
			sourceTree = "<group>";
		};
		89CC17032238DB48008450C2 /* CollectionViewCustomLayoutTests */ = {
			isa = PBXGroup;
			children = (
				89CC17042238DB48008450C2 /* CollectionViewCustomLayoutTests.m */,
				89CC17062238DB48008450C2 /* Info.plist */,
			);
			path = CollectionViewCustomLayoutTests;
			sourceTree = "<group>";
		};
		89CC170E2238DB48008450C2 /* CollectionViewCustomLayoutUITests */ = {
			isa = PBXGroup;
			children = (
				89CC170F2238DB48008450C2 /* CollectionViewCustomLayoutUITests.m */,
				89CC17112238DB48008450C2 /* Info.plist */,
			);
			path = CollectionViewCustomLayoutUITests;
			sourceTree = "<group>";
		};
		89CC171D2238DBA7008450C2 /* Classes */ = {
			isa = PBXGroup;
			children = (
				8921813A249B39860007C93F /* DSHCollectionViewLayout.h */,
				89CC171F2238DBA7008450C2 /* DSHCollectionViewPagingLayout.h */,
				89CC171E2238DBA7008450C2 /* DSHCollectionViewPagingLayout.m */,
				8921813D249B72210007C93F /* DSHCollectionViewWaterfallFlowLayout.h */,
				8921813E249B72210007C93F /* DSHCollectionViewWaterfallFlowLayout.m */,
				89218146249C87380007C93F /* DSHCollectionViewCardStackLayout.h */,
				89218147249C87380007C93F /* DSHCollectionViewCardStackLayout.m */,
				89218137249B381B0007C93F /* UICollectionView+DSHCustomLayout.h */,
				89218138249B381B0007C93F /* UICollectionView+DSHCustomLayout.m */,
			);
			path = Classes;
			sourceTree = "<group>";
		};
		89CC17212238DEFF008450C2 /* Example */ = {
			isa = PBXGroup;
			children = (
				89218140249C4FB00007C93F /* PagingLayoutController.h */,
				89218141249C4FB00007C93F /* PagingLayoutController.m */,
				89218143249C540C0007C93F /* WaterfallFlowLayoutController.h */,
				89218144249C540C0007C93F /* WaterfallFlowLayoutController.m */,
				89218149249C88830007C93F /* CardStackLayoutController.h */,
				8921814A249C88830007C93F /* CardStackLayoutController.m */,
			);
			path = Example;
			sourceTree = "<group>";
		};
/* End PBXGroup section */

/* Begin PBXNativeTarget section */
		89CC16E72238DB47008450C2 /* CollectionViewCustomLayout */ = {
			isa = PBXNativeTarget;
			buildConfigurationList = 89CC17142238DB48008450C2 /* Build configuration list for PBXNativeTarget "CollectionViewCustomLayout" */;
			buildPhases = (
				89CC16E42238DB47008450C2 /* Sources */,
				89CC16E52238DB47008450C2 /* Frameworks */,
				89CC16E62238DB47008450C2 /* Resources */,
			);
			buildRules = (
			);
			dependencies = (
			);
			name = CollectionViewCustomLayout;
			productName = CollectionViewCustomLayout;
			productReference = 89CC16E82238DB47008450C2 /* CollectionViewCustomLayout.app */;
			productType = "com.apple.product-type.application";
		};
		89CC16FF2238DB48008450C2 /* CollectionViewCustomLayoutTests */ = {
			isa = PBXNativeTarget;
			buildConfigurationList = 89CC17172238DB48008450C2 /* Build configuration list for PBXNativeTarget "CollectionViewCustomLayoutTests" */;
			buildPhases = (
				89CC16FC2238DB48008450C2 /* Sources */,
				89CC16FD2238DB48008450C2 /* Frameworks */,
				89CC16FE2238DB48008450C2 /* Resources */,
			);
			buildRules = (
			);
			dependencies = (
				89CC17022238DB48008450C2 /* PBXTargetDependency */,
			);
			name = CollectionViewCustomLayoutTests;
			productName = CollectionViewCustomLayoutTests;
			productReference = 89CC17002238DB48008450C2 /* CollectionViewCustomLayoutTests.xctest */;
			productType = "com.apple.product-type.bundle.unit-test";
		};
		89CC170A2238DB48008450C2 /* CollectionViewCustomLayoutUITests */ = {
			isa = PBXNativeTarget;
			buildConfigurationList = 89CC171A2238DB48008450C2 /* Build configuration list for PBXNativeTarget "CollectionViewCustomLayoutUITests" */;
			buildPhases = (
				89CC17072238DB48008450C2 /* Sources */,
				89CC17082238DB48008450C2 /* Frameworks */,
				89CC17092238DB48008450C2 /* Resources */,
			);
			buildRules = (
			);
			dependencies = (
				89CC170D2238DB48008450C2 /* PBXTargetDependency */,
			);
			name = CollectionViewCustomLayoutUITests;
			productName = CollectionViewCustomLayoutUITests;
			productReference = 89CC170B2238DB48008450C2 /* CollectionViewCustomLayoutUITests.xctest */;
			productType = "com.apple.product-type.bundle.ui-testing";
		};
/* End PBXNativeTarget section */

/* Begin PBXProject section */
		89CC16E02238DB47008450C2 /* Project object */ = {
			isa = PBXProject;
			attributes = {
				LastUpgradeCheck = 1010;
				ORGANIZATIONNAME = "路";
				TargetAttributes = {
					89CC16E72238DB47008450C2 = {
						CreatedOnToolsVersion = 10.1;
					};
					89CC16FF2238DB48008450C2 = {
						CreatedOnToolsVersion = 10.1;
						TestTargetID = 89CC16E72238DB47008450C2;
					};
					89CC170A2238DB48008450C2 = {
						CreatedOnToolsVersion = 10.1;
						TestTargetID = 89CC16E72238DB47008450C2;
					};
				};
			};
			buildConfigurationList = 89CC16E32238DB47008450C2 /* Build configuration list for PBXProject "CollectionViewCustomLayout" */;
			compatibilityVersion = "Xcode 9.3";
			developmentRegion = en;
			hasScannedForEncodings = 0;
			knownRegions = (
				en,
				Base,
			);
			mainGroup = 89CC16DF2238DB47008450C2;
			productRefGroup = 89CC16E92238DB47008450C2 /* Products */;
			projectDirPath = "";
			projectRoot = "";
			targets = (
				89CC16E72238DB47008450C2 /* CollectionViewCustomLayout */,
				89CC16FF2238DB48008450C2 /* CollectionViewCustomLayoutTests */,
				89CC170A2238DB48008450C2 /* CollectionViewCustomLayoutUITests */,
			);
		};
/* End PBXProject section */

/* Begin PBXResourcesBuildPhase section */
		89CC16E62238DB47008450C2 /* Resources */ = {
			isa = PBXResourcesBuildPhase;
			buildActionMask = 2147483647;
			files = (
				89CC16F82238DB48008450C2 /* LaunchScreen.storyboard in Resources */,
				89CC16F52238DB48008450C2 /* Assets.xcassets in Resources */,
			);
			runOnlyForDeploymentPostprocessing = 0;
		};
		89CC16FE2238DB48008450C2 /* Resources */ = {
			isa = PBXResourcesBuildPhase;
			buildActionMask = 2147483647;
			files = (
			);
			runOnlyForDeploymentPostprocessing = 0;
		};
		89CC17092238DB48008450C2 /* Resources */ = {
			isa = PBXResourcesBuildPhase;
			buildActionMask = 2147483647;
			files = (
			);
			runOnlyForDeploymentPostprocessing = 0;
		};
/* End PBXResourcesBuildPhase section */

/* Begin PBXSourcesBuildPhase section */
		89CC16E42238DB47008450C2 /* Sources */ = {
			isa = PBXSourcesBuildPhase;
			buildActionMask = 2147483647;
			files = (
				89218148249C87380007C93F /* DSHCollectionViewCardStackLayout.m in Sources */,
				89CC17202238DBA7008450C2 /* DSHCollectionViewPagingLayout.m in Sources */,
				8921814B249C88830007C93F /* CardStackLayoutController.m in Sources */,
				89218139249B381B0007C93F /* UICollectionView+DSHCustomLayout.m in Sources */,
				89CC16F02238DB47008450C2 /* ViewController.m in Sources */,
				89218142249C4FB00007C93F /* PagingLayoutController.m in Sources */,
				89CC16FB2238DB48008450C2 /* main.m in Sources */,
				89AD85F524A2F6C600F25325 /* DemoUtils.m in Sources */,
				8921813F249B72210007C93F /* DSHCollectionViewWaterfallFlowLayout.m in Sources */,
				89218145249C540C0007C93F /* WaterfallFlowLayoutController.m in Sources */,
				89CC16ED2238DB47008450C2 /* AppDelegate.m in Sources */,
			);
			runOnlyForDeploymentPostprocessing = 0;
		};
		89CC16FC2238DB48008450C2 /* Sources */ = {
			isa = PBXSourcesBuildPhase;
			buildActionMask = 2147483647;
			files = (
				89CC17052238DB48008450C2 /* CollectionViewCustomLayoutTests.m in Sources */,
			);
			runOnlyForDeploymentPostprocessing = 0;
		};
		89CC17072238DB48008450C2 /* Sources */ = {
			isa = PBXSourcesBuildPhase;
			buildActionMask = 2147483647;
			files = (
				89CC17102238DB48008450C2 /* CollectionViewCustomLayoutUITests.m in Sources */,
			);
			runOnlyForDeploymentPostprocessing = 0;
		};
/* End PBXSourcesBuildPhase section */

/* Begin PBXTargetDependency section */
		89CC17022238DB48008450C2 /* PBXTargetDependency */ = {
			isa = PBXTargetDependency;
			target = 89CC16E72238DB47008450C2 /* CollectionViewCustomLayout */;
			targetProxy = 89CC17012238DB48008450C2 /* PBXContainerItemProxy */;
		};
		89CC170D2238DB48008450C2 /* PBXTargetDependency */ = {
			isa = PBXTargetDependency;
			target = 89CC16E72238DB47008450C2 /* CollectionViewCustomLayout */;
			targetProxy = 89CC170C2238DB48008450C2 /* PBXContainerItemProxy */;
		};
/* End PBXTargetDependency section */

/* Begin PBXVariantGroup section */
		89CC16F62238DB48008450C2 /* LaunchScreen.storyboard */ = {
			isa = PBXVariantGroup;
			children = (
				89CC16F72238DB48008450C2 /* Base */,
			);
			name = LaunchScreen.storyboard;
			sourceTree = "<group>";
		};
/* End PBXVariantGroup section */

/* Begin XCBuildConfiguration section */
		89CC17122238DB48008450C2 /* Debug */ = {
			isa = XCBuildConfiguration;
			buildSettings = {
				ALWAYS_SEARCH_USER_PATHS = NO;
				CLANG_ANALYZER_NONNULL = YES;
				CLANG_ANALYZER_NUMBER_OBJECT_CONVERSION = YES_AGGRESSIVE;
				CLANG_CXX_LANGUAGE_STANDARD = "gnu++14";
				CLANG_CXX_LIBRARY = "libc++";
				CLANG_ENABLE_MODULES = YES;
				CLANG_ENABLE_OBJC_ARC = YES;
				CLANG_ENABLE_OBJC_WEAK = YES;
				CLANG_WARN_BLOCK_CAPTURE_AUTORELEASING = YES;
				CLANG_WARN_BOOL_CONVERSION = YES;
				CLANG_WARN_COMMA = YES;
				CLANG_WARN_CONSTANT_CONVERSION = YES;
				CLANG_WARN_DEPRECATED_OBJC_IMPLEMENTATIONS = YES;
				CLANG_WARN_DIRECT_OBJC_ISA_USAGE = YES_ERROR;
				CLANG_WARN_DOCUMENTATION_COMMENTS = YES;
				CLANG_WARN_EMPTY_BODY = YES;
				CLANG_WARN_ENUM_CONVERSION = YES;
				CLANG_WARN_INFINITE_RECURSION = YES;
				CLANG_WARN_INT_CONVERSION = YES;
				CLANG_WARN_NON_LITERAL_NULL_CONVERSION = YES;
				CLANG_WARN_OBJC_IMPLICIT_RETAIN_SELF = YES;
				CLANG_WARN_OBJC_LITERAL_CONVERSION = YES;
				CLANG_WARN_OBJC_ROOT_CLASS = YES_ERROR;
				CLANG_WARN_RANGE_LOOP_ANALYSIS = YES;
				CLANG_WARN_STRICT_PROTOTYPES = YES;
				CLANG_WARN_SUSPICIOUS_MOVE = YES;
				CLANG_WARN_UNGUARDED_AVAILABILITY = YES_AGGRESSIVE;
				CLANG_WARN_UNREACHABLE_CODE = YES;
				CLANG_WARN__DUPLICATE_METHOD_MATCH = YES;
				CODE_SIGN_IDENTITY = "iPhone Developer";
				COPY_PHASE_STRIP = NO;
				DEBUG_INFORMATION_FORMAT = dwarf;
				ENABLE_STRICT_OBJC_MSGSEND = YES;
				ENABLE_TESTABILITY = YES;
				GCC_C_LANGUAGE_STANDARD = gnu11;
				GCC_DYNAMIC_NO_PIC = NO;
				GCC_NO_COMMON_BLOCKS = YES;
				GCC_OPTIMIZATION_LEVEL = 0;
				GCC_PREPROCESSOR_DEFINITIONS = (
					"DEBUG=1",
					"$(inherited)",
				);
				GCC_WARN_64_TO_32_BIT_CONVERSION = YES;
				GCC_WARN_ABOUT_RETURN_TYPE = YES_ERROR;
				GCC_WARN_UNDECLARED_SELECTOR = YES;
				GCC_WARN_UNINITIALIZED_AUTOS = YES_AGGRESSIVE;
				GCC_WARN_UNUSED_FUNCTION = YES;
				GCC_WARN_UNUSED_VARIABLE = YES;
				IPHONEOS_DEPLOYMENT_TARGET = 12.1;
				MTL_ENABLE_DEBUG_INFO = INCLUDE_SOURCE;
				MTL_FAST_MATH = YES;
				ONLY_ACTIVE_ARCH = YES;
				SDKROOT = iphoneos;
			};
			name = Debug;
		};
		89CC17132238DB48008450C2 /* Release */ = {
			isa = XCBuildConfiguration;
			buildSettings = {
				ALWAYS_SEARCH_USER_PATHS = NO;
				CLANG_ANALYZER_NONNULL = YES;
				CLANG_ANALYZER_NUMBER_OBJECT_CONVERSION = YES_AGGRESSIVE;
				CLANG_CXX_LANGUAGE_STANDARD = "gnu++14";
				CLANG_CXX_LIBRARY = "libc++";
				CLANG_ENABLE_MODULES = YES;
				CLANG_ENABLE_OBJC_ARC = YES;
				CLANG_ENABLE_OBJC_WEAK = YES;
				CLANG_WARN_BLOCK_CAPTURE_AUTORELEASING = YES;
				CLANG_WARN_BOOL_CONVERSION = YES;
				CLANG_WARN_COMMA = YES;
				CLANG_WARN_CONSTANT_CONVERSION = YES;
				CLANG_WARN_DEPRECATED_OBJC_IMPLEMENTATIONS = YES;
				CLANG_WARN_DIRECT_OBJC_ISA_USAGE = YES_ERROR;
				CLANG_WARN_DOCUMENTATION_COMMENTS = YES;
				CLANG_WARN_EMPTY_BODY = YES;
				CLANG_WARN_ENUM_CONVERSION = YES;
				CLANG_WARN_INFINITE_RECURSION = YES;
				CLANG_WARN_INT_CONVERSION = YES;
				CLANG_WARN_NON_LITERAL_NULL_CONVERSION = YES;
				CLANG_WARN_OBJC_IMPLICIT_RETAIN_SELF = YES;
				CLANG_WARN_OBJC_LITERAL_CONVERSION = YES;
				CLANG_WARN_OBJC_ROOT_CLASS = YES_ERROR;
				CLANG_WARN_RANGE_LOOP_ANALYSIS = YES;
				CLANG_WARN_STRICT_PROTOTYPES = YES;
				CLANG_WARN_SUSPICIOUS_MOVE = YES;
				CLANG_WARN_UNGUARDED_AVAILABILITY = YES_AGGRESSIVE;
				CLANG_WARN_UNREACHABLE_CODE = YES;
				CLANG_WARN__DUPLICATE_METHOD_MATCH = YES;
				CODE_SIGN_IDENTITY = "iPhone Developer";
				COPY_PHASE_STRIP = NO;
				DEBUG_INFORMATION_FORMAT = "dwarf-with-dsym";
				ENABLE_NS_ASSERTIONS = NO;
				ENABLE_STRICT_OBJC_MSGSEND = YES;
				GCC_C_LANGUAGE_STANDARD = gnu11;
				GCC_NO_COMMON_BLOCKS = YES;
				GCC_WARN_64_TO_32_BIT_CONVERSION = YES;
				GCC_WARN_ABOUT_RETURN_TYPE = YES_ERROR;
				GCC_WARN_UNDECLARED_SELECTOR = YES;
				GCC_WARN_UNINITIALIZED_AUTOS = YES_AGGRESSIVE;
				GCC_WARN_UNUSED_FUNCTION = YES;
				GCC_WARN_UNUSED_VARIABLE = YES;
				IPHONEOS_DEPLOYMENT_TARGET = 12.1;
				MTL_ENABLE_DEBUG_INFO = NO;
				MTL_FAST_MATH = YES;
				SDKROOT = iphoneos;
				VALIDATE_PRODUCT = YES;
			};
			name = Release;
		};
		89CC17152238DB48008450C2 /* Debug */ = {
			isa = XCBuildConfiguration;
			buildSettings = {
				ASSETCATALOG_COMPILER_APPICON_NAME = AppIcon;
				CODE_SIGN_STYLE = Automatic;
				DEVELOPMENT_TEAM = B8WF5UASAW;
				INFOPLIST_FILE = CollectionViewCustomLayout/Info.plist;
				IPHONEOS_DEPLOYMENT_TARGET = 9.0;
				LD_RUNPATH_SEARCH_PATHS = (
					"$(inherited)",
					"@executable_path/Frameworks",
				);
				PRODUCT_BUNDLE_IDENTIFIER = com.lu.test;
				PRODUCT_NAME = "$(TARGET_NAME)";
				TARGETED_DEVICE_FAMILY = "1,2";
			};
			name = Debug;
		};
		89CC17162238DB48008450C2 /* Release */ = {
			isa = XCBuildConfiguration;
			buildSettings = {
				ASSETCATALOG_COMPILER_APPICON_NAME = AppIcon;
				CODE_SIGN_STYLE = Automatic;
				DEVELOPMENT_TEAM = B8WF5UASAW;
				INFOPLIST_FILE = CollectionViewCustomLayout/Info.plist;
				IPHONEOS_DEPLOYMENT_TARGET = 9.0;
				LD_RUNPATH_SEARCH_PATHS = (
					"$(inherited)",
					"@executable_path/Frameworks",
				);
				PRODUCT_BUNDLE_IDENTIFIER = com.lu.test;
				PRODUCT_NAME = "$(TARGET_NAME)";
				TARGETED_DEVICE_FAMILY = "1,2";
			};
			name = Release;
		};
		89CC17182238DB48008450C2 /* Debug */ = {
			isa = XCBuildConfiguration;
			buildSettings = {
				BUNDLE_LOADER = "$(TEST_HOST)";
				CODE_SIGN_STYLE = Automatic;
				INFOPLIST_FILE = CollectionViewCustomLayoutTests/Info.plist;
				LD_RUNPATH_SEARCH_PATHS = (
					"$(inherited)",
					"@executable_path/Frameworks",
					"@loader_path/Frameworks",
				);
				PRODUCT_BUNDLE_IDENTIFIER = com.lu.CollectionViewCustomLayoutTests;
				PRODUCT_NAME = "$(TARGET_NAME)";
				TARGETED_DEVICE_FAMILY = "1,2";
				TEST_HOST = "$(BUILT_PRODUCTS_DIR)/CollectionViewCustomLayout.app/CollectionViewCustomLayout";
			};
			name = Debug;
		};
		89CC17192238DB48008450C2 /* Release */ = {
			isa = XCBuildConfiguration;
			buildSettings = {
				BUNDLE_LOADER = "$(TEST_HOST)";
				CODE_SIGN_STYLE = Automatic;
				INFOPLIST_FILE = CollectionViewCustomLayoutTests/Info.plist;
				LD_RUNPATH_SEARCH_PATHS = (
					"$(inherited)",
					"@executable_path/Frameworks",
					"@loader_path/Frameworks",
				);
				PRODUCT_BUNDLE_IDENTIFIER = com.lu.CollectionViewCustomLayoutTests;
				PRODUCT_NAME = "$(TARGET_NAME)";
				TARGETED_DEVICE_FAMILY = "1,2";
				TEST_HOST = "$(BUILT_PRODUCTS_DIR)/CollectionViewCustomLayout.app/CollectionViewCustomLayout";
			};
			name = Release;
		};
		89CC171B2238DB48008450C2 /* Debug */ = {
			isa = XCBuildConfiguration;
			buildSettings = {
				CODE_SIGN_STYLE = Automatic;
				INFOPLIST_FILE = CollectionViewCustomLayoutUITests/Info.plist;
				LD_RUNPATH_SEARCH_PATHS = (
					"$(inherited)",
					"@executable_path/Frameworks",
					"@loader_path/Frameworks",
				);
				PRODUCT_BUNDLE_IDENTIFIER = com.lu.CollectionViewCustomLayoutUITests;
				PRODUCT_NAME = "$(TARGET_NAME)";
				TARGETED_DEVICE_FAMILY = "1,2";
				TEST_TARGET_NAME = CollectionViewCustomLayout;
			};
			name = Debug;
		};
		89CC171C2238DB48008450C2 /* Release */ = {
			isa = XCBuildConfiguration;
			buildSettings = {
				CODE_SIGN_STYLE = Automatic;
				INFOPLIST_FILE = CollectionViewCustomLayoutUITests/Info.plist;
				LD_RUNPATH_SEARCH_PATHS = (
					"$(inherited)",
					"@executable_path/Frameworks",
					"@loader_path/Frameworks",
				);
				PRODUCT_BUNDLE_IDENTIFIER = com.lu.CollectionViewCustomLayoutUITests;
				PRODUCT_NAME = "$(TARGET_NAME)";
				TARGETED_DEVICE_FAMILY = "1,2";
				TEST_TARGET_NAME = CollectionViewCustomLayout;
			};
			name = Release;
		};
/* End XCBuildConfiguration section */

/* Begin XCConfigurationList section */
		89CC16E32238DB47008450C2 /* Build configuration list for PBXProject "CollectionViewCustomLayout" */ = {
			isa = XCConfigurationList;
			buildConfigurations = (
				89CC17122238DB48008450C2 /* Debug */,
				89CC17132238DB48008450C2 /* Release */,
			);
			defaultConfigurationIsVisible = 0;
			defaultConfigurationName = Release;
		};
		89CC17142238DB48008450C2 /* Build configuration list for PBXNativeTarget "CollectionViewCustomLayout" */ = {
			isa = XCConfigurationList;
			buildConfigurations = (
				89CC17152238DB48008450C2 /* Debug */,
				89CC17162238DB48008450C2 /* Release */,
			);
			defaultConfigurationIsVisible = 0;
			defaultConfigurationName = Release;
		};
		89CC17172238DB48008450C2 /* Build configuration list for PBXNativeTarget "CollectionViewCustomLayoutTests" */ = {
			isa = XCConfigurationList;
			buildConfigurations = (
				89CC17182238DB48008450C2 /* Debug */,
				89CC17192238DB48008450C2 /* Release */,
			);
			defaultConfigurationIsVisible = 0;
			defaultConfigurationName = Release;
		};
		89CC171A2238DB48008450C2 /* Build configuration list for PBXNativeTarget "CollectionViewCustomLayoutUITests" */ = {
			isa = XCConfigurationList;
			buildConfigurations = (
				89CC171B2238DB48008450C2 /* Debug */,
				89CC171C2238DB48008450C2 /* Release */,
			);
			defaultConfigurationIsVisible = 0;
			defaultConfigurationName = Release;
		};
/* End XCConfigurationList section */
	};
	rootObject = 89CC16E02238DB47008450C2 /* Project object */;
}
